
Microsoft Visual Studio Solution File, Format Version 12.00
# Visual Studio Version 17
VisualStudioVersion = 17.7.34031.279
MinimumVisualStudioVersion = 10.0.40219.1
Project("{2150E333-8FDC-42A3-9474-1A3956D46DE8}") = "tests", "tests", "{1BA9DB0A-8961-4AA1-BB81-F8C2820FCB52}"
EndProject
Project("{2150E333-8FDC-42A3-9474-1A3956D46DE8}") = "src", "src", "{DD16BAD6-01BF-4AFD-9B41-3A90CAD6A376}"
EndProject
Project("{FAE04EC0-301F-11D3-BF4B-00C04F79EFBC}") = "Krosoft.Extensions.Core", "src\Krosoft.Extensions.Core\Krosoft.Extensions.Core.csproj", "{ADC8A0A0-4EC9-C628-DED8-244001019764}"
EndProject
Project("{FAE04EC0-301F-11D3-BF4B-00C04F79EFBC}") = "Krosoft.Extensions.Core.Tests", "tests\Krosoft.Extensions.Core.Tests\Krosoft.Extensions.Core.Tests.csproj", "{4E313A66-810C-326A-0E5C-91236624B104}"
EndProject
Project("{2150E333-8FDC-42A3-9474-1A3956D46DE8}") = "samples", "samples", "{02EA681E-C7D8-13C7-8484-4AC65E1B71E8}"
EndProject
Project("{FAE04EC0-301F-11D3-BF4B-00C04F79EFBC}") = "Krosoft.Extensions.Samples.Library", "samples\Krosoft.Extensions.Samples.Library\Krosoft.Extensions.Samples.Library.csproj", "{B83CD851-7EAB-8C00-DFE5-F66496C2CF4D}"
EndProject
Global
	GlobalSection(SolutionConfigurationPlatforms) = preSolution
		Debug|Any CPU = Debug|Any CPU
		Release|Any CPU = Release|Any CPU
	EndGlobalSection
	GlobalSection(ProjectConfigurationPlatforms) = postSolution
		{ADC8A0A0-4EC9-C628-DED8-244001019764}.Debug|Any CPU.ActiveCfg = Debug|Any CPU
		{ADC8A0A0-4EC9-C628-DED8-244001019764}.Debug|Any CPU.Build.0 = Debug|Any CPU
		{ADC8A0A0-4EC9-C628-DED8-244001019764}.Release|Any CPU.ActiveCfg = Release|Any CPU
		{ADC8A0A0-4EC9-C628-DED8-244001019764}.Release|Any CPU.Build.0 = Release|Any CPU
		{4E313A66-810C-326A-0E5C-91236624B104}.Debug|Any CPU.ActiveCfg = Debug|Any CPU
		{4E313A66-810C-326A-0E5C-91236624B104}.Debug|Any CPU.Build.0 = Debug|Any CPU
		{4E313A66-810C-326A-0E5C-91236624B104}.Release|Any CPU.ActiveCfg = Release|Any CPU
		{4E313A66-810C-326A-0E5C-91236624B104}.Release|Any CPU.Build.0 = Release|Any CPU
		{B83CD851-7EAB-8C00-DFE5-F66496C2CF4D}.Debug|Any CPU.ActiveCfg = Debug|Any CPU
		{B83CD851-7EAB-8C00-DFE5-F66496C2CF4D}.Debug|Any CPU.Build.0 = Debug|Any CPU
		{B83CD851-7EAB-8C00-DFE5-F66496C2CF4D}.Release|Any CPU.ActiveCfg = Release|Any CPU
		{B83CD851-7EAB-8C00-DFE5-F66496C2CF4D}.Release|Any CPU.Build.0 = Release|Any CPU
	EndGlobalSection
	GlobalSection(SolutionProperties) = preSolution
		HideSolutionNode = FALSE
	EndGlobalSection
	GlobalSection(NestedProjects) = preSolution
		{ADC8A0A0-4EC9-C628-DED8-244001019764} = {DD16BAD6-01BF-4AFD-9B41-3A90CAD6A376}
		{4E313A66-810C-326A-0E5C-91236624B104} = {1BA9DB0A-8961-4AA1-BB81-F8C2820FCB52}
		{B83CD851-7EAB-8C00-DFE5-F66496C2CF4D} = {02EA681E-C7D8-13C7-8484-4AC65E1B71E8}
	EndGlobalSection
	GlobalSection(ExtensibilityGlobals) = postSolution
		SolutionGuid = {3ABC8EAA-58CC-445C-B724-7CB7158E0F62}
	EndGlobalSection
EndGlobal
